{
  "requires": true,
  "lockfileVersion": 1,
  "dependencies": {
    "async-storage": {
      "version": "0.1.0",
      "resolved": "https://registry.npmjs.org/async-storage/-/async-storage-0.1.0.tgz",
      "integrity": "sha1-tVH8wEjNaRZsjGxK8OE2zz1Lkp8="
    },
    "react-native-google-analytics-bridge": {
      "version": "7.1.0"
    }
  }
}
